# This file is generated by running "yarn install" inside your project.
# Manual changes might be lost - proceed with caution!

__metadata:
  version: 7
  cacheKey: 9

"@next/env@npm:13.1.3":
  version: 13.1.3
  resolution: "@next/env@npm:13.1.3"
  checksum: a3a999d8c8f936656d448aa8c8dbf40386e7c5e08aa9614d435e8ccf100d3412859b963fe63a9398d74335bdbdf16306d80befb2369366d44be0835ead75b916
  languageName: node
  linkType: hard

"@next/font@npm:13.1.3":
  version: 13.1.3
  resolution: "@next/font@npm:13.1.3"
  checksum: 080d9a6db92f48290a8a23b9c575d8b96739f64561251fb42f9cea3b2ff9b0c37ee3b7a283f29e39e16a50c7b5553c6eca292bd86d671687347c9b5db6f83e5f
  languageName: node
  linkType: hard

"@next/swc-android-arm-eabi@npm:13.1.3":
  version: 13.1.3
  resolution: "@next/swc-android-arm-eabi@npm:13.1.3"
  conditions: os=android & cpu=arm
  languageName: node
  linkType: hard

"@next/swc-android-arm64@npm:13.1.3":
  version: 13.1.3
  resolution: "@next/swc-android-arm64@npm:13.1.3"
  conditions: os=android & cpu=arm64
  languageName: node
  linkType: hard

"@next/swc-darwin-arm64@npm:13.1.3":
  version: 13.1.3
  resolution: "@next/swc-darwin-arm64@npm:13.1.3"
  conditions: os=darwin & cpu=arm64
  languageName: node
  linkType: hard

"@next/swc-darwin-x64@npm:13.1.3":
  version: 13.1.3
  resolution: "@next/swc-darwin-x64@npm:13.1.3"
  conditions: os=darwin & cpu=x64
  languageName: node
  linkType: hard

"@next/swc-freebsd-x64@npm:13.1.3":
  version: 13.1.3
  resolution: "@next/swc-freebsd-x64@npm:13.1.3"
  conditions: os=freebsd & cpu=x64
  languageName: node
  linkType: hard

"@next/swc-linux-arm-gnueabihf@npm:13.1.3":
  version: 13.1.3
  resolution: "@next/swc-linux-arm-gnueabihf@npm:13.1.3"
  conditions: os=linux & cpu=arm
  languageName: node
  linkType: hard

"@next/swc-linux-arm64-gnu@npm:13.1.3":
  version: 13.1.3
  resolution: "@next/swc-linux-arm64-gnu@npm:13.1.3"
  conditions: os=linux & cpu=arm64 & libc=glibc
  languageName: node
  linkType: hard

"@next/swc-linux-arm64-musl@npm:13.1.3":
  version: 13.1.3
  resolution: "@next/swc-linux-arm64-musl@npm:13.1.3"
  conditions: os=linux & cpu=arm64 & libc=musl
  languageName: node
  linkType: hard

"@next/swc-linux-x64-gnu@npm:13.1.3":
  version: 13.1.3
  resolution: "@next/swc-linux-x64-gnu@npm:13.1.3"
  conditions: os=linux & cpu=x64 & libc=glibc
  languageName: node
  linkType: hard

"@next/swc-linux-x64-musl@npm:13.1.3":
  version: 13.1.3
  resolution: "@next/swc-linux-x64-musl@npm:13.1.3"
  conditions: os=linux & cpu=x64 & libc=musl
  languageName: node
  linkType: hard

"@next/swc-win32-arm64-msvc@npm:13.1.3":
  version: 13.1.3
  resolution: "@next/swc-win32-arm64-msvc@npm:13.1.3"
  conditions: os=win32 & cpu=arm64
  languageName: node
  linkType: hard

"@next/swc-win32-ia32-msvc@npm:13.1.3":
  version: 13.1.3
  resolution: "@next/swc-win32-ia32-msvc@npm:13.1.3"
  conditions: os=win32 & cpu=ia32
  languageName: node
  linkType: hard

"@next/swc-win32-x64-msvc@npm:13.1.3":
  version: 13.1.3
  resolution: "@next/swc-win32-x64-msvc@npm:13.1.3"
  conditions: os=win32 & cpu=x64
  languageName: node
  linkType: hard

"@swc/helpers@npm:0.4.14":
  version: 0.4.14
  resolution: "@swc/helpers@npm:0.4.14"
  dependencies:
    tslib: "npm:^2.4.0"
  checksum: 39441920bbc95a5d13538f2250af91ec0e32b65fe3c774bbfc8912199e6a92d77705b2c7b3f3e3cbbe1e6e58978637a5b9fc5f3908fda94a73f0ed998f3dea6d
  languageName: node
  linkType: hard

"@types/node@npm:18.11.18":
  version: 18.11.18
  resolution: "@types/node@npm:18.11.18"
  checksum: bd39552701928d4a1613bc46adf8b65f8212064c2b5475a67161b6c4cef21ddb0a5c2ba062673213f8f5301ef6e171241a9e274a9b59c9fc1f5e2b69764740eb
  languageName: node
  linkType: hard

"@types/prop-types@npm:*":
  version: 15.7.5
  resolution: "@types/prop-types@npm:15.7.5"
  checksum: a6e04a01e1f632cc3fa5fffd79779f2f83a8fec1293cdf29b5a02aa4e1a1b38a124e824205a40de4e66532a0fa33c4f60337b55cec635080ea2571e55910460f
  languageName: node
  linkType: hard

"@types/react-dom@npm:18.0.10":
  version: 18.0.10
  resolution: "@types/react-dom@npm:18.0.10"
  dependencies:
    "@types/react": "npm:*"
  checksum: 2c191e8dbe394e0690f8e5caacdb5ef710491478a95ceefc97cc8697e6e7e02c6a2fc3562b37791f92a4c08a6a82dd9dc57d42e8f98bce5f7e7110965845c068
  languageName: node
  linkType: hard

"@types/react@npm:*, @types/react@npm:18.0.27":
  version: 18.0.27
  resolution: "@types/react@npm:18.0.27"
  dependencies:
    "@types/prop-types": "npm:*"
    "@types/scheduler": "npm:*"
    csstype: "npm:^3.0.2"
  checksum: 75c0b64773dc36bd094b3cc7fff5fb4cc385f60d7696bec2e0243806de69f2a2e35bec25d31f51bbbd6681639d8682a2d6eb94379759c70afc2f3ef5f87927b5
  languageName: node
  linkType: hard

"@types/scheduler@npm:*":
  version: 0.16.2
  resolution: "@types/scheduler@npm:0.16.2"
  checksum: 223d9b12d1eff3fe857e7eb967d640707c2a76ba1126633bae88dce7693301ea8edcce83586a17134a1822f01265f715809860085547b01db8de6a90f5165706
  languageName: node
  linkType: hard

"blog@workspace:.":
  version: 0.0.0-use.local
  resolution: "blog@workspace:."
  dependencies:
    "@next/font": "npm:13.1.3"
    "@types/node": "npm:18.11.18"
    "@types/react": "npm:18.0.27"
    "@types/react-dom": "npm:18.0.10"
    eslint-config-prettier: "npm:^8.6.0"
    next: "npm:13.1.3"
    react: "npm:18.2.0"
    react-dom: "npm:18.2.0"
    react-responsive: "npm:^9.0.2"
    typescript: "npm:4.9.4"
  languageName: unknown
  linkType: soft

"caniuse-lite@npm:^1.0.30001406":
  version: 1.0.30001448
  resolution: "caniuse-lite@npm:1.0.30001448"
  checksum: 726546013d7e9abdd919a34faf6f69679039ef23b93ae387f1a60389721aaa3aeac9615c8febd2d4db96ba7c2ba0025c71175082cbebb07862ab6624048476a9
  languageName: node
  linkType: hard

"client-only@npm:0.0.1":
  version: 0.0.1
  resolution: "client-only@npm:0.0.1"
  checksum: d2117e1ff1ceaaa6c21ce705f5516fbdb197d5a10e7ebc6f698cb550cae63394da07d1a73045bc208f5608e953523ac807009cfb88a7e4c740df5da347ce722f
  languageName: node
  linkType: hard

"css-mediaquery@npm:^0.1.2":
  version: 0.1.2
  resolution: "css-mediaquery@npm:0.1.2"
  checksum: ea4e2eecf3d9912ff3be23b20472661e31b40e8e87069596128af7b440d5d644d38adf81014a5a3aafecdcc2398ee4500ce2e953485c26d4a23d0aedc060c10c
  languageName: node
  linkType: hard

"csstype@npm:^3.0.2":
  version: 3.1.1
  resolution: "csstype@npm:3.1.1"
  checksum: 39c4533f337cad38b9574a24b4b94bb203f091882295b6b4fb27e9e2b17148b188847f5fb728796af60bd0b80c502d510f89fe7ada3b661eaa6bca758c902036
  languageName: node
  linkType: hard

"eslint-config-prettier@npm:^8.6.0":
  version: 8.6.0
  resolution: "eslint-config-prettier@npm:8.6.0"
  peerDependencies:
    eslint: ">=7.0.0"
  bin:
    eslint-config-prettier: bin/cli.js
  checksum: 2aeb302e532b739d4a440a22463dab157c2aee4a5b89da168deade0feccdf2e645a1a40add6f3b9c635d30fd0a7a4d61339dc7df5d7c57f0a19b04eed0a0ab81
  languageName: node
  linkType: hard

"hyphenate-style-name@npm:^1.0.0":
  version: 1.0.4
  resolution: "hyphenate-style-name@npm:1.0.4"
  checksum: 85424236922363dfcdf6c9b492082b9365773a621d294afaff6cb2ff4189b17a1b7e4d06563f185d0fe60da0359bff8703edf654850f2280831e1593455f695e
  languageName: node
  linkType: hard

"js-tokens@npm:^3.0.0 || ^4.0.0":
  version: 4.0.0
  resolution: "js-tokens@npm:4.0.0"
  checksum: 47d1c18dc6b9eed4baf1db3d81b36feb95b463201c82ffce0d7a4d65ede596ba97d6ac2468974199705db9ef8a3433606af41fc7bbe7cb25c1dd601785413d9b
  languageName: node
  linkType: hard

"loose-envify@npm:^1.1.0, loose-envify@npm:^1.4.0":
  version: 1.4.0
  resolution: "loose-envify@npm:1.4.0"
  dependencies:
    js-tokens: "npm:^3.0.0 || ^4.0.0"
  bin:
    loose-envify: cli.js
  checksum: 39c5fc44c6a8f7f8a92cccf174554fbb307477ef493760407920fdd4ed5f6cc1aec5b6a5ab3c3767ef79547b3e1aea09d8ca08d773232c662d910cfe473a0590
  languageName: node
  linkType: hard

"matchmediaquery@npm:^0.3.0":
  version: 0.3.1
  resolution: "matchmediaquery@npm:0.3.1"
  dependencies:
    css-mediaquery: "npm:^0.1.2"
  checksum: 9fcc5bf1809fe737c299c29a95816a496b5e15c0d891d827d3351316562d12dcc0cfe99c7e9fe7a625df66ba716b9d9ea9ff854e9c57eda5c91854746bfc1512
  languageName: node
  linkType: hard

"nanoid@npm:^3.3.4":
  version: 3.3.4
  resolution: "nanoid@npm:3.3.4"
  bin:
    nanoid: bin/nanoid.cjs
  checksum: 53d605377c76614170df4b5a8d3fa21f13c7077453a77e2393a9fe3df5722022f6b94a671f406b51f81e9c937a6928555c1589e3c46a0d9d29f31872d1362246
  languageName: node
  linkType: hard

"next@npm:13.1.3":
  version: 13.1.3
  resolution: "next@npm:13.1.3"
  dependencies:
    "@next/env": "npm:13.1.3"
    "@next/swc-android-arm-eabi": "npm:13.1.3"
    "@next/swc-android-arm64": "npm:13.1.3"
    "@next/swc-darwin-arm64": "npm:13.1.3"
    "@next/swc-darwin-x64": "npm:13.1.3"
    "@next/swc-freebsd-x64": "npm:13.1.3"
    "@next/swc-linux-arm-gnueabihf": "npm:13.1.3"
    "@next/swc-linux-arm64-gnu": "npm:13.1.3"
    "@next/swc-linux-arm64-musl": "npm:13.1.3"
    "@next/swc-linux-x64-gnu": "npm:13.1.3"
    "@next/swc-linux-x64-musl": "npm:13.1.3"
    "@next/swc-win32-arm64-msvc": "npm:13.1.3"
    "@next/swc-win32-ia32-msvc": "npm:13.1.3"
    "@next/swc-win32-x64-msvc": "npm:13.1.3"
    "@swc/helpers": "npm:0.4.14"
    caniuse-lite: "npm:^1.0.30001406"
    postcss: "npm:8.4.14"
    styled-jsx: "npm:5.1.1"
  peerDependencies:
    fibers: ">= 3.1.0"
    node-sass: ^6.0.0 || ^7.0.0
    react: ^18.2.0
    react-dom: ^18.2.0
    sass: ^1.3.0
  dependenciesMeta:
    "@next/swc-android-arm-eabi":
      optional: true
    "@next/swc-android-arm64":
      optional: true
    "@next/swc-darwin-arm64":
      optional: true
    "@next/swc-darwin-x64":
      optional: true
    "@next/swc-freebsd-x64":
      optional: true
    "@next/swc-linux-arm-gnueabihf":
      optional: true
    "@next/swc-linux-arm64-gnu":
      optional: true
    "@next/swc-linux-arm64-musl":
      optional: true
    "@next/swc-linux-x64-gnu":
      optional: true
    "@next/swc-linux-x64-musl":
      optional: true
    "@next/swc-win32-arm64-msvc":
      optional: true
    "@next/swc-win32-ia32-msvc":
      optional: true
    "@next/swc-win32-x64-msvc":
      optional: true
  peerDependenciesMeta:
    fibers:
      optional: true
    node-sass:
      optional: true
    sass:
      optional: true
  bin:
    next: dist/bin/next
  checksum: 3aa28b7e01862f70048f5cc4ad575c8ce7b3ce00a9bf86352c7bdc1ac1efffb921eb9b5e83d6cb7973beab8e5817fb8f7e6b3d3021ad3a84a9bf6e959de2f909
  languageName: node
  linkType: hard

"object-assign@npm:^4.1.1":
  version: 4.1.1
  resolution: "object-assign@npm:4.1.1"
  checksum: f5cd1f2f1e82e12207e4f2377d9d7d90fbc0d9822a6afa717a6dcab6930d8925e1ebbbb25df770c31ff11335ee423459ba65ffa2e53999926c328b806b4d73d6
  languageName: node
  linkType: hard

"picocolors@npm:^1.0.0":
  version: 1.0.0
  resolution: "picocolors@npm:1.0.0"
  checksum: 447e1f6e4953522a3947f2effa93dca66f2436a7c275327ba1a7fb526eab369fc9847d77ebcd734dc483322256f34b431e93a325e44726e4ec390c11cc7f5c87
  languageName: node
  linkType: hard

"postcss@npm:8.4.14":
  version: 8.4.14
  resolution: "postcss@npm:8.4.14"
  dependencies:
    nanoid: "npm:^3.3.4"
    picocolors: "npm:^1.0.0"
    source-map-js: "npm:^1.0.2"
  checksum: 1e1e4a4cc235674bea79da18dd3e02ea8ffcd51546c7ddf1fc7ba4de5e89154a83988bb8c1b30bd9566df56fc0077dce6e620d8f9ce6ababf60f659ffc53f72c
  languageName: node
  linkType: hard

"prop-types@npm:^15.6.1":
  version: 15.8.1
  resolution: "prop-types@npm:15.8.1"
  dependencies:
    loose-envify: "npm:^1.4.0"
    object-assign: "npm:^4.1.1"
    react-is: "npm:^16.13.1"
  checksum: 196295f119e0f38ec64b43c1121a7e3bdbfcf66b86a01d50df22a247eb22b644033097b53a3b0961ce64d540c7a2c505c844ff245cb548b4f6eda59bbac6fbf0
  languageName: node
  linkType: hard

"react-dom@npm:18.2.0":
  version: 18.2.0
  resolution: "react-dom@npm:18.2.0"
  dependencies:
    loose-envify: "npm:^1.1.0"
    scheduler: "npm:^0.23.0"
  peerDependencies:
    react: ^18.2.0
  checksum: 7c5b915fb793d63563cec1f721e059e6ff0e2855ac116ab5cb7450b6c59398f5e25f95c960ce5cb93504cc58ab724a75a78e99282354e702a0e667d0d787d028
  languageName: node
  linkType: hard

"react-is@npm:^16.13.1":
  version: 16.13.1
  resolution: "react-is@npm:16.13.1"
  checksum: 0c9adc5d984db733fb1dd298f3e94cdec66bc328d27fb11df65971d2cc9a299008bc64baab8fe8e79943df85b445a1008b2cc9e270825d0fd056e5a0d2df8de6
  languageName: node
  linkType: hard

"react-responsive@npm:^9.0.2":
  version: 9.0.2
  resolution: "react-responsive@npm:9.0.2"
  dependencies:
    hyphenate-style-name: "npm:^1.0.0"
    matchmediaquery: "npm:^0.3.0"
    prop-types: "npm:^15.6.1"
    shallow-equal: "npm:^1.2.1"
  peerDependencies:
    react: ">=16.8.0"
  checksum: e7dfbca8d614e0fd94bd2b6bd1bfd03338b446a98b44f11f2ed1166a6ed4b54463db4b7068d933e1832fa50ba4d074f873b86c9e3a85de137ee8d2982758b689
  languageName: node
  linkType: hard

"react@npm:18.2.0":
  version: 18.2.0
  resolution: "react@npm:18.2.0"
  dependencies:
    loose-envify: "npm:^1.1.0"
  checksum: 8434e5782c52b3bf18a80b666348977924ee3827895fa03ec3ffb9faca90c460049f14130428dd1546bab6cf3b2c277f2c243d3c2a856501331d2e69c24b2bb9
  languageName: node
  linkType: hard

"scheduler@npm:^0.23.0":
  version: 0.23.0
  resolution: "scheduler@npm:0.23.0"
  dependencies:
    loose-envify: "npm:^1.1.0"
  checksum: f4022b95cdc282668643da4850f55fe70c899aa956d11819f196e2ca892271bdb253613e53997852094f9351f7c72d057eea8b28d9b4bcb93bcb1c6d09985c82
  languageName: node
  linkType: hard

"shallow-equal@npm:^1.2.1":
  version: 1.2.1
  resolution: "shallow-equal@npm:1.2.1"
  checksum: 2c31d419510af67f20440a6d759d41bdeadeb8dd08cab08687a9dd1f7fc5aeccda4f2e8c83b9da001bf5984cff2f0fa264a81508ef1efc51df3a3023626fef9b
  languageName: node
  linkType: hard

"source-map-js@npm:^1.0.2":
  version: 1.0.2
  resolution: "source-map-js@npm:1.0.2"
  checksum: 4496d29f371909dbc27dfb302f31cadc70b6f1591b2b433337daf923fac30e9632523e169494b40d06b53228166a577875a3610bce3412de8bb600152f748a9c
  languageName: node
  linkType: hard

"styled-jsx@npm:5.1.1":
  version: 5.1.1
  resolution: "styled-jsx@npm:5.1.1"
  dependencies:
    client-only: "npm:0.0.1"
  peerDependencies:
    react: ">= 16.8.0 || 17.x.x || ^18.0.0-0"
  peerDependenciesMeta:
    "@babel/core":
      optional: true
    babel-plugin-macros:
      optional: true
  checksum: 709de74259b62aa9b9184f60fd157c5723e3a92be87eff16ca2aa20a7b4f71e680c6fedf3a5d8bc66ec79f8bde756a49d19edc47c9dbe3d98e9ae095f09a350c
  languageName: node
  linkType: hard

"tslib@npm:^2.4.0":
  version: 2.4.1
  resolution: "tslib@npm:2.4.1"
  checksum: a739a21e3ff059e62c7c3c0845333fbc9c081bcc91e015f2d246a31eeaf1fb0e29b10c0913c7d22f692b3203bb469fd60ca5288aa4f27d351a969df2d0714899
  languageName: node
  linkType: hard

"typescript@npm:4.9.4":
  version: 4.9.4
  resolution: "typescript@npm:4.9.4"
  bin:
    tsc: bin/tsc
    tsserver: bin/tsserver
  checksum: b142d5e50785d0e5055771e4d9e712b01be58985ff29be3d3acc64f0fddd5fd8ade8b28583ba502f2565783c23bd5b509c5abcc1a93a2d7d4f05b8e4ee731fc9
  languageName: node
  linkType: hard

"typescript@patch:typescript@npm%3A4.9.4#optional!builtin<compat/typescript>":
  version: 4.9.4
  resolution: "typescript@patch:typescript@npm%3A4.9.4#optional!builtin<compat/typescript>::version=4.9.4&hash=ad5954"
  bin:
    tsc: bin/tsc
    tsserver: bin/tsserver
  checksum: e7321aeb1e2c0e3c19599808707208e2b730de8d17a5624f0a7297b9a1ffa39974edd4a819108b3b635bc00171476ddfa339e04d928a03ce8d8c6944cb8ec008
  languageName: node
  linkType: hard
